
Microsoft Visual Studio Solution File, Format Version 12.00
# Visual Studio Version 17
VisualStudioVersion = 17.1.32328.378
MinimumVisualStudioVersion = 10.0.40219.1
Project("{9A19103F-16F7-4668-BE54-9A1E7A4F7556}") = "TactSoft - Software", "TactSoft - Software\TactSoft - Software.csproj", "{474F983B-57F2-4EB2-B768-2C099F267959}"
EndProject
Project("{FAE04EC0-301F-11D3-BF4B-00C04F79EFBC}") = "TactSoft.Core", "TactSoft.Core\TactSoft.Core.csproj", "{F32708C4-5BD4-428A-9545-BD4FF9DD110C}"
EndProject
Project("{FAE04EC0-301F-11D3-BF4B-00C04F79EFBC}") = "TactSoft.Data", "TactSoft.Data\TactSoft.Data.csproj", "{99B6512A-7C14-4A6B-B97F-4AAEF34A152B}"
EndProject
Global
	GlobalSection(SolutionConfigurationPlatforms) = preSolution
		Debug|Any CPU = Debug|Any CPU
		Release|Any CPU = Release|Any CPU
	EndGlobalSection
	GlobalSection(ProjectConfigurationPlatforms) = postSolution
		{474F983B-57F2-4EB2-B768-2C099F267959}.Debug|Any CPU.ActiveCfg = Debug|Any CPU
		{474F983B-57F2-4EB2-B768-2C099F267959}.Debug|Any CPU.Build.0 = Debug|Any CPU
		{474F983B-57F2-4EB2-B768-2C099F267959}.Release|Any CPU.ActiveCfg = Release|Any CPU
		{474F983B-57F2-4EB2-B768-2C099F267959}.Release|Any CPU.Build.0 = Release|Any CPU
		{F32708C4-5BD4-428A-9545-BD4FF9DD110C}.Debug|Any CPU.ActiveCfg = Debug|Any CPU
		{F32708C4-5BD4-428A-9545-BD4FF9DD110C}.Debug|Any CPU.Build.0 = Debug|Any CPU
		{F32708C4-5BD4-428A-9545-BD4FF9DD110C}.Release|Any CPU.ActiveCfg = Release|Any CPU
		{F32708C4-5BD4-428A-9545-BD4FF9DD110C}.Release|Any CPU.Build.0 = Release|Any CPU
		{99B6512A-7C14-4A6B-B97F-4AAEF34A152B}.Debug|Any CPU.ActiveCfg = Debug|Any CPU
		{99B6512A-7C14-4A6B-B97F-4AAEF34A152B}.Debug|Any CPU.Build.0 = Debug|Any CPU
		{99B6512A-7C14-4A6B-B97F-4AAEF34A152B}.Release|Any CPU.ActiveCfg = Release|Any CPU
		{99B6512A-7C14-4A6B-B97F-4AAEF34A152B}.Release|Any CPU.Build.0 = Release|Any CPU
	EndGlobalSection
	GlobalSection(SolutionProperties) = preSolution
		HideSolutionNode = FALSE
	EndGlobalSection
	GlobalSection(ExtensibilityGlobals) = postSolution
		SolutionGuid = {34593626-B8CD-4237-8F7A-26D67C6C74C5}
	EndGlobalSection
EndGlobal
